// !$*UTF8*$!
{
	archiveVersion = 1;
	classes = {
	};
	objectVersion = 54;
	objects = {

/* Begin PBXBuildFile section */
		55AECFFA299A409200648018 /* AppDelegate.swift in Sources */ = {isa = PBXBuildFile; fileRef = 55AECFF9299A409200648018 /* AppDelegate.swift */; };
		55AECFFE299A409200648018 /* CharacterListViewController.swift in Sources */ = {isa = PBXBuildFile; fileRef = 55AECFFD299A409200648018 /* CharacterListViewController.swift */; };
		55AED003299A409500648018 /* Assets.xcassets in Resources */ = {isa = PBXBuildFile; fileRef = 55AED002299A409500648018 /* Assets.xcassets */; };
		55AED006299A409500648018 /* LaunchScreen.storyboard in Resources */ = {isa = PBXBuildFile; fileRef = 55AED004299A409500648018 /* LaunchScreen.storyboard */; };
		55AED013299A460E00648018 /* AppCoordinator.swift in Sources */ = {isa = PBXBuildFile; fileRef = 55AED012299A460E00648018 /* AppCoordinator.swift */; };
		55AED016299A4D7B00648018 /* CharactersListModel.swift in Sources */ = {isa = PBXBuildFile; fileRef = 55AED015299A4D7B00648018 /* CharactersListModel.swift */; };
		55AED018299A4E6C00648018 /* CharacterModel.swift in Sources */ = {isa = PBXBuildFile; fileRef = 55AED017299A4E6C00648018 /* CharacterModel.swift */; };
		55AED01B299A4EF700648018 /* ApiService.swift in Sources */ = {isa = PBXBuildFile; fileRef = 55AED01A299A4EF700648018 /* ApiService.swift */; };
		55AED01E299A56B500648018 /* CharactersListViewModel.swift in Sources */ = {isa = PBXBuildFile; fileRef = 55AED01D299A56B500648018 /* CharactersListViewModel.swift */; };
		55AED021299A86FC00648018 /* CharacterViewCell.swift in Sources */ = {isa = PBXBuildFile; fileRef = 55AED020299A86FC00648018 /* CharacterViewCell.swift */; };
		55AED023299BB07000648018 /* CharacterDetailViewController.swift in Sources */ = {isa = PBXBuildFile; fileRef = 55AED022299BB07000648018 /* CharacterDetailViewController.swift */; };
		55AED025299BC24000648018 /* CharacterDetailViewCell.swift in Sources */ = {isa = PBXBuildFile; fileRef = 55AED024299BC24000648018 /* CharacterDetailViewCell.swift */; };
		55AED027299D3C2800648018 /* CharacterStatusView.swift in Sources */ = {isa = PBXBuildFile; fileRef = 55AED026299D3C2800648018 /* CharacterStatusView.swift */; };
		55AED029299D4CFF00648018 /* CharacterDetailViewModel.swift in Sources */ = {isa = PBXBuildFile; fileRef = 55AED028299D4CFF00648018 /* CharacterDetailViewModel.swift */; };
		55AED02B299E327500648018 /* CharacterHeaderViewCell.swift in Sources */ = {isa = PBXBuildFile; fileRef = 55AED02A299E327500648018 /* CharacterHeaderViewCell.swift */; };
		55AED02E299E367C00648018 /* NetworkState.swift in Sources */ = {isa = PBXBuildFile; fileRef = 55AED02D299E367C00648018 /* NetworkState.swift */; };
		55AED030299E459100648018 /* UIVIewControllerExtension.swift in Sources */ = {isa = PBXBuildFile; fileRef = 55AED02F299E459100648018 /* UIVIewControllerExtension.swift */; };
		55AED033299E507700648018 /* CoreDB.xcdatamodeld in Sources */ = {isa = PBXBuildFile; fileRef = 55AED031299E507700648018 /* CoreDB.xcdatamodeld */; };
		55AED03E299E559900648018 /* CoreDataManager.swift in Sources */ = {isa = PBXBuildFile; fileRef = 55AED03D299E559900648018 /* CoreDataManager.swift */; };
		55AED040299E573800648018 /* AuthService.swift in Sources */ = {isa = PBXBuildFile; fileRef = 55AED03F299E573800648018 /* AuthService.swift */; };
		55AED042299EA49900648018 /* LoginViewController.swift in Sources */ = {isa = PBXBuildFile; fileRef = 55AED041299EA49900648018 /* LoginViewController.swift */; };
		55AED044299EB70100648018 /* UITextFieldExtension.swift in Sources */ = {isa = PBXBuildFile; fileRef = 55AED043299EB70100648018 /* UITextFieldExtension.swift */; };
		55AED046299EBEB600648018 /* StringExtension.swift in Sources */ = {isa = PBXBuildFile; fileRef = 55AED045299EBEB600648018 /* StringExtension.swift */; };
		55AED048299EC45500648018 /* LoginViewModel.swift in Sources */ = {isa = PBXBuildFile; fileRef = 55AED047299EC45500648018 /* LoginViewModel.swift */; };
		55AED04A299ECFEF00648018 /* RegistrationViewController.swift in Sources */ = {isa = PBXBuildFile; fileRef = 55AED049299ECFEF00648018 /* RegistrationViewController.swift */; };
		55AED04C299F622000648018 /* RegistrationViewModel.swift in Sources */ = {isa = PBXBuildFile; fileRef = 55AED04B299F622000648018 /* RegistrationViewModel.swift */; };
		55AED04E299F784900648018 /* UserViewController.swift in Sources */ = {isa = PBXBuildFile; fileRef = 55AED04D299F784900648018 /* UserViewController.swift */; };
		55AED050299F7FCE00648018 /* UserViewModel.swift in Sources */ = {isa = PBXBuildFile; fileRef = 55AED04F299F7FCE00648018 /* UserViewModel.swift */; };
		55AED052299FA05900648018 /* FavoritesService.swift in Sources */ = {isa = PBXBuildFile; fileRef = 55AED051299FA05900648018 /* FavoritesService.swift */; };
		55AED057299FA0B500648018 /* UserEntity+CoreDataClass.swift in Sources */ = {isa = PBXBuildFile; fileRef = 55AED053299FA0B500648018 /* UserEntity+CoreDataClass.swift */; };
		55AED058299FA0B500648018 /* UserEntity+CoreDataProperties.swift in Sources */ = {isa = PBXBuildFile; fileRef = 55AED054299FA0B500648018 /* UserEntity+CoreDataProperties.swift */; };
		55AED059299FA0B500648018 /* FavoriteEntity+CoreDataClass.swift in Sources */ = {isa = PBXBuildFile; fileRef = 55AED055299FA0B500648018 /* FavoriteEntity+CoreDataClass.swift */; };
		55AED05A299FA0B500648018 /* FavoriteEntity+CoreDataProperties.swift in Sources */ = {isa = PBXBuildFile; fileRef = 55AED056299FA0B500648018 /* FavoriteEntity+CoreDataProperties.swift */; };
		55AED05C29A00ECE00648018 /* CharacterFavoriteViewCell.swift in Sources */ = {isa = PBXBuildFile; fileRef = 55AED05B29A00ECE00648018 /* CharacterFavoriteViewCell.swift */; };
		EB52A94B96F988F0C745748F /* Pods_RickAndMorty.framework in Frameworks */ = {isa = PBXBuildFile; fileRef = F2ED41EE2CECAD89A8873315 /* Pods_RickAndMorty.framework */; };
/* End PBXBuildFile section */

/* Begin PBXFileReference section */
		55AECFF6299A409200648018 /* RickAndMorty.app */ = {isa = PBXFileReference; explicitFileType = wrapper.application; includeInIndex = 0; path = RickAndMorty.app; sourceTree = BUILT_PRODUCTS_DIR; };
		55AECFF9299A409200648018 /* AppDelegate.swift */ = {isa = PBXFileReference; lastKnownFileType = sourcecode.swift; path = AppDelegate.swift; sourceTree = "<group>"; };
		55AECFFD299A409200648018 /* CharacterListViewController.swift */ = {isa = PBXFileReference; lastKnownFileType = sourcecode.swift; path = CharacterListViewController.swift; sourceTree = "<group>"; };
		55AED002299A409500648018 /* Assets.xcassets */ = {isa = PBXFileReference; lastKnownFileType = folder.assetcatalog; path = Assets.xcassets; sourceTree = "<group>"; };
		55AED005299A409500648018 /* Base */ = {isa = PBXFileReference; lastKnownFileType = file.storyboard; name = Base; path = Base.lproj/LaunchScreen.storyboard; sourceTree = "<group>"; };
		55AED007299A409500648018 /* Info.plist */ = {isa = PBXFileReference; lastKnownFileType = text.plist.xml; path = Info.plist; sourceTree = "<group>"; };
		55AED012299A460E00648018 /* AppCoordinator.swift */ = {isa = PBXFileReference; lastKnownFileType = sourcecode.swift; path = AppCoordinator.swift; sourceTree = "<group>"; };
		55AED015299A4D7B00648018 /* CharactersListModel.swift */ = {isa = PBXFileReference; lastKnownFileType = sourcecode.swift; path = CharactersListModel.swift; sourceTree = "<group>"; };
		55AED017299A4E6C00648018 /* CharacterModel.swift */ = {isa = PBXFileReference; lastKnownFileType = sourcecode.swift; path = CharacterModel.swift; sourceTree = "<group>"; };
		55AED01A299A4EF700648018 /* ApiService.swift */ = {isa = PBXFileReference; lastKnownFileType = sourcecode.swift; path = ApiService.swift; sourceTree = "<group>"; };
		55AED01D299A56B500648018 /* CharactersListViewModel.swift */ = {isa = PBXFileReference; lastKnownFileType = sourcecode.swift; path = CharactersListViewModel.swift; sourceTree = "<group>"; };
		55AED020299A86FC00648018 /* CharacterViewCell.swift */ = {isa = PBXFileReference; lastKnownFileType = sourcecode.swift; path = CharacterViewCell.swift; sourceTree = "<group>"; };
		55AED022299BB07000648018 /* CharacterDetailViewController.swift */ = {isa = PBXFileReference; lastKnownFileType = sourcecode.swift; path = CharacterDetailViewController.swift; sourceTree = "<group>"; };
		55AED024299BC24000648018 /* CharacterDetailViewCell.swift */ = {isa = PBXFileReference; lastKnownFileType = sourcecode.swift; path = CharacterDetailViewCell.swift; sourceTree = "<group>"; };
		55AED026299D3C2800648018 /* CharacterStatusView.swift */ = {isa = PBXFileReference; lastKnownFileType = sourcecode.swift; path = CharacterStatusView.swift; sourceTree = "<group>"; };
		55AED028299D4CFF00648018 /* CharacterDetailViewModel.swift */ = {isa = PBXFileReference; lastKnownFileType = sourcecode.swift; path = CharacterDetailViewModel.swift; sourceTree = "<group>"; };
		55AED02A299E327500648018 /* CharacterHeaderViewCell.swift */ = {isa = PBXFileReference; lastKnownFileType = sourcecode.swift; path = CharacterHeaderViewCell.swift; sourceTree = "<group>"; };
		55AED02D299E367C00648018 /* NetworkState.swift */ = {isa = PBXFileReference; lastKnownFileType = sourcecode.swift; path = NetworkState.swift; sourceTree = "<group>"; };
		55AED02F299E459100648018 /* UIVIewControllerExtension.swift */ = {isa = PBXFileReference; lastKnownFileType = sourcecode.swift; path = UIVIewControllerExtension.swift; sourceTree = "<group>"; };
		55AED032299E507700648018 /* CoreDB.xcdatamodel */ = {isa = PBXFileReference; lastKnownFileType = wrapper.xcdatamodel; path = CoreDB.xcdatamodel; sourceTree = "<group>"; };
		55AED03D299E559900648018 /* CoreDataManager.swift */ = {isa = PBXFileReference; lastKnownFileType = sourcecode.swift; path = CoreDataManager.swift; sourceTree = "<group>"; };
		55AED03F299E573800648018 /* AuthService.swift */ = {isa = PBXFileReference; lastKnownFileType = sourcecode.swift; path = AuthService.swift; sourceTree = "<group>"; };
		55AED041299EA49900648018 /* LoginViewController.swift */ = {isa = PBXFileReference; lastKnownFileType = sourcecode.swift; path = LoginViewController.swift; sourceTree = "<group>"; };
		55AED043299EB70100648018 /* UITextFieldExtension.swift */ = {isa = PBXFileReference; lastKnownFileType = sourcecode.swift; path = UITextFieldExtension.swift; sourceTree = "<group>"; };
		55AED045299EBEB600648018 /* StringExtension.swift */ = {isa = PBXFileReference; lastKnownFileType = sourcecode.swift; path = StringExtension.swift; sourceTree = "<group>"; };
		55AED047299EC45500648018 /* LoginViewModel.swift */ = {isa = PBXFileReference; lastKnownFileType = sourcecode.swift; path = LoginViewModel.swift; sourceTree = "<group>"; };
		55AED049299ECFEF00648018 /* RegistrationViewController.swift */ = {isa = PBXFileReference; lastKnownFileType = sourcecode.swift; path = RegistrationViewController.swift; sourceTree = "<group>"; };
		55AED04B299F622000648018 /* RegistrationViewModel.swift */ = {isa = PBXFileReference; lastKnownFileType = sourcecode.swift; path = RegistrationViewModel.swift; sourceTree = "<group>"; };
		55AED04D299F784900648018 /* UserViewController.swift */ = {isa = PBXFileReference; lastKnownFileType = sourcecode.swift; path = UserViewController.swift; sourceTree = "<group>"; };
		55AED04F299F7FCE00648018 /* UserViewModel.swift */ = {isa = PBXFileReference; lastKnownFileType = sourcecode.swift; path = UserViewModel.swift; sourceTree = "<group>"; };
		55AED051299FA05900648018 /* FavoritesService.swift */ = {isa = PBXFileReference; lastKnownFileType = sourcecode.swift; path = FavoritesService.swift; sourceTree = "<group>"; };
		55AED053299FA0B500648018 /* UserEntity+CoreDataClass.swift */ = {isa = PBXFileReference; lastKnownFileType = sourcecode.swift; path = "UserEntity+CoreDataClass.swift"; sourceTree = "<group>"; };
		55AED054299FA0B500648018 /* UserEntity+CoreDataProperties.swift */ = {isa = PBXFileReference; lastKnownFileType = sourcecode.swift; path = "UserEntity+CoreDataProperties.swift"; sourceTree = "<group>"; };
		55AED055299FA0B500648018 /* FavoriteEntity+CoreDataClass.swift */ = {isa = PBXFileReference; lastKnownFileType = sourcecode.swift; path = "FavoriteEntity+CoreDataClass.swift"; sourceTree = "<group>"; };
		55AED056299FA0B500648018 /* FavoriteEntity+CoreDataProperties.swift */ = {isa = PBXFileReference; lastKnownFileType = sourcecode.swift; path = "FavoriteEntity+CoreDataProperties.swift"; sourceTree = "<group>"; };
		55AED05B29A00ECE00648018 /* CharacterFavoriteViewCell.swift */ = {isa = PBXFileReference; lastKnownFileType = sourcecode.swift; path = CharacterFavoriteViewCell.swift; sourceTree = "<group>"; };
		B1CE380B85573DFBD3E4AD25 /* Pods-RickAndMorty.debug.xcconfig */ = {isa = PBXFileReference; includeInIndex = 1; lastKnownFileType = text.xcconfig; name = "Pods-RickAndMorty.debug.xcconfig"; path = "Target Support Files/Pods-RickAndMorty/Pods-RickAndMorty.debug.xcconfig"; sourceTree = "<group>"; };
		DA232CBF55EE86B693F2DD7C /* Pods-RickAndMorty.release.xcconfig */ = {isa = PBXFileReference; includeInIndex = 1; lastKnownFileType = text.xcconfig; name = "Pods-RickAndMorty.release.xcconfig"; path = "Target Support Files/Pods-RickAndMorty/Pods-RickAndMorty.release.xcconfig"; sourceTree = "<group>"; };
		F2ED41EE2CECAD89A8873315 /* Pods_RickAndMorty.framework */ = {isa = PBXFileReference; explicitFileType = wrapper.framework; includeInIndex = 0; path = Pods_RickAndMorty.framework; sourceTree = BUILT_PRODUCTS_DIR; };
/* End PBXFileReference section */

/* Begin PBXFrameworksBuildPhase section */
		55AECFF3299A409200648018 /* Frameworks */ = {
			isa = PBXFrameworksBuildPhase;
			buildActionMask = 2147483647;
			files = (
				EB52A94B96F988F0C745748F /* Pods_RickAndMorty.framework in Frameworks */,
			);
			runOnlyForDeploymentPostprocessing = 0;
		};
/* End PBXFrameworksBuildPhase section */

/* Begin PBXGroup section */
		11C0C25957DBD3D8A3AE5900 /* Pods */ = {
			isa = PBXGroup;
			children = (
				B1CE380B85573DFBD3E4AD25 /* Pods-RickAndMorty.debug.xcconfig */,
				DA232CBF55EE86B693F2DD7C /* Pods-RickAndMorty.release.xcconfig */,
			);
			path = Pods;
			sourceTree = "<group>";
		};
		55AECFED299A409200648018 = {
			isa = PBXGroup;
			children = (
				55AECFF8299A409200648018 /* RickAndMorty */,
				55AECFF7299A409200648018 /* Products */,
				11C0C25957DBD3D8A3AE5900 /* Pods */,
				D2476793F883355A4AD9301C /* Frameworks */,
			);
			sourceTree = "<group>";
		};
		55AECFF7299A409200648018 /* Products */ = {
			isa = PBXGroup;
			children = (
				55AECFF6299A409200648018 /* RickAndMorty.app */,
			);
			name = Products;
			sourceTree = "<group>";
		};
		55AECFF8299A409200648018 /* RickAndMorty */ = {
			isa = PBXGroup;
			children = (
				55AED034299E543600648018 /* CodeDB */,
				55AED00D299A420800648018 /* Application */,
				55AED011299A45D800648018 /* Coordinator */,
				55AED019299A4ECC00648018 /* Services */,
				55AED014299A4D0C00648018 /* Models */,
				55AED01C299A565D00648018 /* ViewModels */,
				55AED00E299A424400648018 /* Controllers */,
				55AED00F299A425100648018 /* Views */,
				55AED010299A427200648018 /* Resources */,
				55AED02C299E364500648018 /* Utilits */,
				55AED007299A409500648018 /* Info.plist */,
			);
			path = RickAndMorty;
			sourceTree = "<group>";
		};
		55AED00D299A420800648018 /* Application */ = {
			isa = PBXGroup;
			children = (
				55AECFF9299A409200648018 /* AppDelegate.swift */,
			);
			path = Application;
			sourceTree = "<group>";
		};
		55AED00E299A424400648018 /* Controllers */ = {
			isa = PBXGroup;
			children = (
				55AECFFD299A409200648018 /* CharacterListViewController.swift */,
				55AED022299BB07000648018 /* CharacterDetailViewController.swift */,
				55AED041299EA49900648018 /* LoginViewController.swift */,
				55AED049299ECFEF00648018 /* RegistrationViewController.swift */,
				55AED04D299F784900648018 /* UserViewController.swift */,
			);
			path = Controllers;
			sourceTree = "<group>";
		};
		55AED00F299A425100648018 /* Views */ = {
			isa = PBXGroup;
			children = (
				55AED01F299A86BF00648018 /* Cells */,
				55AED004299A409500648018 /* LaunchScreen.storyboard */,
				55AED026299D3C2800648018 /* CharacterStatusView.swift */,
			);
			path = Views;
			sourceTree = "<group>";
		};
		55AED010299A427200648018 /* Resources */ = {
			isa = PBXGroup;
			children = (
				55AED002299A409500648018 /* Assets.xcassets */,
			);
			path = Resources;
			sourceTree = "<group>";
		};
		55AED011299A45D800648018 /* Coordinator */ = {
			isa = PBXGroup;
			children = (
				55AED012299A460E00648018 /* AppCoordinator.swift */,
			);
			path = Coordinator;
			sourceTree = "<group>";
		};
		55AED014299A4D0C00648018 /* Models */ = {
			isa = PBXGroup;
			children = (
				55AED015299A4D7B00648018 /* CharactersListModel.swift */,
				55AED017299A4E6C00648018 /* CharacterModel.swift */,
			);
			path = Models;
			sourceTree = "<group>";
		};
		55AED019299A4ECC00648018 /* Services */ = {
			isa = PBXGroup;
			children = (
				55AED01A299A4EF700648018 /* ApiService.swift */,
				55AED03F299E573800648018 /* AuthService.swift */,
				55AED051299FA05900648018 /* FavoritesService.swift */,
			);
			path = Services;
			sourceTree = "<group>";
		};
		55AED01C299A565D00648018 /* ViewModels */ = {
			isa = PBXGroup;
			children = (
				55AED01D299A56B500648018 /* CharactersListViewModel.swift */,
				55AED028299D4CFF00648018 /* CharacterDetailViewModel.swift */,
				55AED047299EC45500648018 /* LoginViewModel.swift */,
				55AED04B299F622000648018 /* RegistrationViewModel.swift */,
				55AED04F299F7FCE00648018 /* UserViewModel.swift */,
			);
			path = ViewModels;
			sourceTree = "<group>";
		};
		55AED01F299A86BF00648018 /* Cells */ = {
			isa = PBXGroup;
			children = (
				55AED020299A86FC00648018 /* CharacterViewCell.swift */,
				55AED024299BC24000648018 /* CharacterDetailViewCell.swift */,
				55AED02A299E327500648018 /* CharacterHeaderViewCell.swift */,
				55AED05B29A00ECE00648018 /* CharacterFavoriteViewCell.swift */,
			);
			path = Cells;
			sourceTree = "<group>";
		};
		55AED02C299E364500648018 /* Utilits */ = {
			isa = PBXGroup;
			children = (
				55AED02D299E367C00648018 /* NetworkState.swift */,
				55AED02F299E459100648018 /* UIVIewControllerExtension.swift */,
				55AED043299EB70100648018 /* UITextFieldExtension.swift */,
				55AED045299EBEB600648018 /* StringExtension.swift */,
			);
			path = Utilits;
			sourceTree = "<group>";
		};
		55AED034299E543600648018 /* CodeDB */ = {
			isa = PBXGroup;
			children = (
				55AED053299FA0B500648018 /* UserEntity+CoreDataClass.swift */,
				55AED054299FA0B500648018 /* UserEntity+CoreDataProperties.swift */,
				55AED055299FA0B500648018 /* FavoriteEntity+CoreDataClass.swift */,
				55AED056299FA0B500648018 /* FavoriteEntity+CoreDataProperties.swift */,
				55AED031299E507700648018 /* CoreDB.xcdatamodeld */,
				55AED03D299E559900648018 /* CoreDataManager.swift */,
			);
			path = CodeDB;
			sourceTree = "<group>";
		};
		D2476793F883355A4AD9301C /* Frameworks */ = {
			isa = PBXGroup;
			children = (
				F2ED41EE2CECAD89A8873315 /* Pods_RickAndMorty.framework */,
			);
			name = Frameworks;
			sourceTree = "<group>";
		};
/* End PBXGroup section */

/* Begin PBXNativeTarget section */
		55AECFF5299A409200648018 /* RickAndMorty */ = {
			isa = PBXNativeTarget;
			buildConfigurationList = 55AED00A299A409500648018 /* Build configuration list for PBXNativeTarget "RickAndMorty" */;
			buildPhases = (
				EFBA15B9615BA49D7707D28C /* [CP] Check Pods Manifest.lock */,
				55AECFF2299A409200648018 /* Sources */,
				55AECFF3299A409200648018 /* Frameworks */,
				55AECFF4299A409200648018 /* Resources */,
				31E52F6B829D255178F30BDF /* [CP] Embed Pods Frameworks */,
			);
			buildRules = (
			);
			dependencies = (
			);
			name = RickAndMorty;
			productName = RickAndMorty;
			productReference = 55AECFF6299A409200648018 /* RickAndMorty.app */;
			productType = "com.apple.product-type.application";
		};
/* End PBXNativeTarget section */

/* Begin PBXProject section */
		55AECFEE299A409200648018 /* Project object */ = {
			isa = PBXProject;
			attributes = {
				BuildIndependentTargetsInParallel = 1;
				LastSwiftUpdateCheck = 1320;
				LastUpgradeCheck = 1320;
				TargetAttributes = {
					55AECFF5299A409200648018 = {
						CreatedOnToolsVersion = 13.2.1;
					};
				};
			};
			buildConfigurationList = 55AECFF1299A409200648018 /* Build configuration list for PBXProject "RickAndMorty" */;
			compatibilityVersion = "Xcode 12.0";
			developmentRegion = en;
			hasScannedForEncodings = 0;
			knownRegions = (
				en,
				Base,
			);
			mainGroup = 55AECFED299A409200648018;
			productRefGroup = 55AECFF7299A409200648018 /* Products */;
			projectDirPath = "";
			projectRoot = "";
			targets = (
				55AECFF5299A409200648018 /* RickAndMorty */,
			);
		};
/* End PBXProject section */

/* Begin PBXResourcesBuildPhase section */
		55AECFF4299A409200648018 /* Resources */ = {
			isa = PBXResourcesBuildPhase;
			buildActionMask = 2147483647;
			files = (
				55AED006299A409500648018 /* LaunchScreen.storyboard in Resources */,
				55AED003299A409500648018 /* Assets.xcassets in Resources */,
			);
			runOnlyForDeploymentPostprocessing = 0;
		};
/* End PBXResourcesBuildPhase section */

/* Begin PBXShellScriptBuildPhase section */
		31E52F6B829D255178F30BDF /* [CP] Embed Pods Frameworks */ = {
			isa = PBXShellScriptBuildPhase;
			buildActionMask = 2147483647;
			files = (
			);
			inputFileListPaths = (
				"${PODS_ROOT}/Target Support Files/Pods-RickAndMorty/Pods-RickAndMorty-frameworks-${CONFIGURATION}-input-files.xcfilelist",
			);
			name = "[CP] Embed Pods Frameworks";
			outputFileListPaths = (
				"${PODS_ROOT}/Target Support Files/Pods-RickAndMorty/Pods-RickAndMorty-frameworks-${CONFIGURATION}-output-files.xcfilelist",
			);
			runOnlyForDeploymentPostprocessing = 0;
			shellPath = /bin/sh;
			shellScript = "\"${PODS_ROOT}/Target Support Files/Pods-RickAndMorty/Pods-RickAndMorty-frameworks.sh\"\n";
			showEnvVarsInLog = 0;
		};
		EFBA15B9615BA49D7707D28C /* [CP] Check Pods Manifest.lock */ = {
			isa = PBXShellScriptBuildPhase;
			buildActionMask = 2147483647;
			files = (
			);
			inputFileListPaths = (
			);
			inputPaths = (
				"${PODS_PODFILE_DIR_PATH}/Podfile.lock",
				"${PODS_ROOT}/Manifest.lock",
			);
			name = "[CP] Check Pods Manifest.lock";
			outputFileListPaths = (
			);
			outputPaths = (
				"$(DERIVED_FILE_DIR)/Pods-RickAndMorty-checkManifestLockResult.txt",
			);
			runOnlyForDeploymentPostprocessing = 0;
			shellPath = /bin/sh;
			shellScript = "diff \"${PODS_PODFILE_DIR_PATH}/Podfile.lock\" \"${PODS_ROOT}/Manifest.lock\" > /dev/null\nif [ $? != 0 ] ; then\n    # print error to STDERR\n    echo \"error: The sandbox is not in sync with the Podfile.lock. Run 'pod install' or update your CocoaPods installation.\" >&2\n    exit 1\nfi\n# This output is used by Xcode 'outputs' to avoid re-running this script phase.\necho \"SUCCESS\" > \"${SCRIPT_OUTPUT_FILE_0}\"\n";
			showEnvVarsInLog = 0;
		};
/* End PBXShellScriptBuildPhase section */

/* Begin PBXSourcesBuildPhase section */
		55AECFF2299A409200648018 /* Sources */ = {
			isa = PBXSourcesBuildPhase;
			buildActionMask = 2147483647;
			files = (
				55AED02E299E367C00648018 /* NetworkState.swift in Sources */,
				55AED058299FA0B500648018 /* UserEntity+CoreDataProperties.swift in Sources */,
				55AED044299EB70100648018 /* UITextFieldExtension.swift in Sources */,
				55AED013299A460E00648018 /* AppCoordinator.swift in Sources */,
				55AED042299EA49900648018 /* LoginViewController.swift in Sources */,
				55AED025299BC24000648018 /* CharacterDetailViewCell.swift in Sources */,
				55AED046299EBEB600648018 /* StringExtension.swift in Sources */,
				55AED048299EC45500648018 /* LoginViewModel.swift in Sources */,
				55AED040299E573800648018 /* AuthService.swift in Sources */,
				55AED05A299FA0B500648018 /* FavoriteEntity+CoreDataProperties.swift in Sources */,
				55AED027299D3C2800648018 /* CharacterStatusView.swift in Sources */,
				55AED030299E459100648018 /* UIVIewControllerExtension.swift in Sources */,
				55AED04A299ECFEF00648018 /* RegistrationViewController.swift in Sources */,
				55AED050299F7FCE00648018 /* UserViewModel.swift in Sources */,
				55AED018299A4E6C00648018 /* CharacterModel.swift in Sources */,
				55AED021299A86FC00648018 /* CharacterViewCell.swift in Sources */,
				55AED05C29A00ECE00648018 /* CharacterFavoriteViewCell.swift in Sources */,
				55AED01E299A56B500648018 /* CharactersListViewModel.swift in Sources */,
				55AED01B299A4EF700648018 /* ApiService.swift in Sources */,
				55AED04C299F622000648018 /* RegistrationViewModel.swift in Sources */,
				55AED059299FA0B500648018 /* FavoriteEntity+CoreDataClass.swift in Sources */,
				55AECFFE299A409200648018 /* CharacterListViewController.swift in Sources */,
				55AED04E299F784900648018 /* UserViewController.swift in Sources */,
				55AED03E299E559900648018 /* CoreDataManager.swift in Sources */,
				55AED033299E507700648018 /* CoreDB.xcdatamodeld in Sources */,
				55AECFFA299A409200648018 /* AppDelegate.swift in Sources */,
				55AED029299D4CFF00648018 /* CharacterDetailViewModel.swift in Sources */,
				55AED057299FA0B500648018 /* UserEntity+CoreDataClass.swift in Sources */,
				55AED02B299E327500648018 /* CharacterHeaderViewCell.swift in Sources */,
				55AED052299FA05900648018 /* FavoritesService.swift in Sources */,
				55AED023299BB07000648018 /* CharacterDetailViewController.swift in Sources */,
				55AED016299A4D7B00648018 /* CharactersListModel.swift in Sources */,
			);
			runOnlyForDeploymentPostprocessing = 0;
		};
/* End PBXSourcesBuildPhase section */

/* Begin PBXVariantGroup section */
		55AED004299A409500648018 /* LaunchScreen.storyboard */ = {
			isa = PBXVariantGroup;
			children = (
				55AED005299A409500648018 /* Base */,
			);
			name = LaunchScreen.storyboard;
			sourceTree = "<group>";
		};
/* End PBXVariantGroup section */

/* Begin XCBuildConfiguration section */
		55AED008299A409500648018 /* Debug */ = {
			isa = XCBuildConfiguration;
			buildSettings = {
				ALWAYS_SEARCH_USER_PATHS = NO;
				CLANG_ANALYZER_NONNULL = YES;
				CLANG_ANALYZER_NUMBER_OBJECT_CONVERSION = YES_AGGRESSIVE;
				CLANG_CXX_LANGUAGE_STANDARD = "gnu++17";
				CLANG_CXX_LIBRARY = "libc++";
				CLANG_ENABLE_MODULES = YES;
				CLANG_ENABLE_OBJC_ARC = YES;
				CLANG_ENABLE_OBJC_WEAK = YES;
				CLANG_WARN_BLOCK_CAPTURE_AUTORELEASING = YES;
				CLANG_WARN_BOOL_CONVERSION = YES;
				CLANG_WARN_COMMA = YES;
				CLANG_WARN_CONSTANT_CONVERSION = YES;
				CLANG_WARN_DEPRECATED_OBJC_IMPLEMENTATIONS = YES;
				CLANG_WARN_DIRECT_OBJC_ISA_USAGE = YES_ERROR;
				CLANG_WARN_DOCUMENTATION_COMMENTS = YES;
				CLANG_WARN_EMPTY_BODY = YES;
				CLANG_WARN_ENUM_CONVERSION = YES;
				CLANG_WARN_INFINITE_RECURSION = YES;
				CLANG_WARN_INT_CONVERSION = YES;
				CLANG_WARN_NON_LITERAL_NULL_CONVERSION = YES;
				CLANG_WARN_OBJC_IMPLICIT_RETAIN_SELF = YES;
				CLANG_WARN_OBJC_LITERAL_CONVERSION = YES;
				CLANG_WARN_OBJC_ROOT_CLASS = YES_ERROR;
				CLANG_WARN_QUOTED_INCLUDE_IN_FRAMEWORK_HEADER = YES;
				CLANG_WARN_RANGE_LOOP_ANALYSIS = YES;
				CLANG_WARN_STRICT_PROTOTYPES = YES;
				CLANG_WARN_SUSPICIOUS_MOVE = YES;
				CLANG_WARN_UNGUARDED_AVAILABILITY = YES_AGGRESSIVE;
				CLANG_WARN_UNREACHABLE_CODE = YES;
				CLANG_WARN__DUPLICATE_METHOD_MATCH = YES;
				COPY_PHASE_STRIP = NO;
				DEBUG_INFORMATION_FORMAT = dwarf;
				ENABLE_STRICT_OBJC_MSGSEND = YES;
				ENABLE_TESTABILITY = YES;
				GCC_C_LANGUAGE_STANDARD = gnu11;
				GCC_DYNAMIC_NO_PIC = NO;
				GCC_NO_COMMON_BLOCKS = YES;
				GCC_OPTIMIZATION_LEVEL = 0;
				GCC_PREPROCESSOR_DEFINITIONS = (
					"DEBUG=1",
					"$(inherited)",
				);
				GCC_WARN_64_TO_32_BIT_CONVERSION = YES;
				GCC_WARN_ABOUT_RETURN_TYPE = YES_ERROR;
				GCC_WARN_UNDECLARED_SELECTOR = YES;
				GCC_WARN_UNINITIALIZED_AUTOS = YES_AGGRESSIVE;
				GCC_WARN_UNUSED_FUNCTION = YES;
				GCC_WARN_UNUSED_VARIABLE = YES;
				IPHONEOS_DEPLOYMENT_TARGET = 15.2;
				MTL_ENABLE_DEBUG_INFO = INCLUDE_SOURCE;
				MTL_FAST_MATH = YES;
				ONLY_ACTIVE_ARCH = YES;
				SDKROOT = iphoneos;
				SWIFT_ACTIVE_COMPILATION_CONDITIONS = DEBUG;
				SWIFT_OPTIMIZATION_LEVEL = "-Onone";
			};
			name = Debug;
		};
		55AED009299A409500648018 /* Release */ = {
			isa = XCBuildConfiguration;
			buildSettings = {
				ALWAYS_SEARCH_USER_PATHS = NO;
				CLANG_ANALYZER_NONNULL = YES;
				CLANG_ANALYZER_NUMBER_OBJECT_CONVERSION = YES_AGGRESSIVE;
				CLANG_CXX_LANGUAGE_STANDARD = "gnu++17";
				CLANG_CXX_LIBRARY = "libc++";
				CLANG_ENABLE_MODULES = YES;
				CLANG_ENABLE_OBJC_ARC = YES;
				CLANG_ENABLE_OBJC_WEAK = YES;
				CLANG_WARN_BLOCK_CAPTURE_AUTORELEASING = YES;
				CLANG_WARN_BOOL_CONVERSION = YES;
				CLANG_WARN_COMMA = YES;
				CLANG_WARN_CONSTANT_CONVERSION = YES;
				CLANG_WARN_DEPRECATED_OBJC_IMPLEMENTATIONS = YES;
				CLANG_WARN_DIRECT_OBJC_ISA_USAGE = YES_ERROR;
				CLANG_WARN_DOCUMENTATION_COMMENTS = YES;
				CLANG_WARN_EMPTY_BODY = YES;
				CLANG_WARN_ENUM_CONVERSION = YES;
				CLANG_WARN_INFINITE_RECURSION = YES;
				CLANG_WARN_INT_CONVERSION = YES;
				CLANG_WARN_NON_LITERAL_NULL_CONVERSION = YES;
				CLANG_WARN_OBJC_IMPLICIT_RETAIN_SELF = YES;
				CLANG_WARN_OBJC_LITERAL_CONVERSION = YES;
				CLANG_WARN_OBJC_ROOT_CLASS = YES_ERROR;
				CLANG_WARN_QUOTED_INCLUDE_IN_FRAMEWORK_HEADER = YES;
				CLANG_WARN_RANGE_LOOP_ANALYSIS = YES;
				CLANG_WARN_STRICT_PROTOTYPES = YES;
				CLANG_WARN_SUSPICIOUS_MOVE = YES;
				CLANG_WARN_UNGUARDED_AVAILABILITY = YES_AGGRESSIVE;
				CLANG_WARN_UNREACHABLE_CODE = YES;
				CLANG_WARN__DUPLICATE_METHOD_MATCH = YES;
				COPY_PHASE_STRIP = NO;
				DEBUG_INFORMATION_FORMAT = "dwarf-with-dsym";
				ENABLE_NS_ASSERTIONS = NO;
				ENABLE_STRICT_OBJC_MSGSEND = YES;
				GCC_C_LANGUAGE_STANDARD = gnu11;
				GCC_NO_COMMON_BLOCKS = YES;
				GCC_WARN_64_TO_32_BIT_CONVERSION = YES;
				GCC_WARN_ABOUT_RETURN_TYPE = YES_ERROR;
				GCC_WARN_UNDECLARED_SELECTOR = YES;
				GCC_WARN_UNINITIALIZED_AUTOS = YES_AGGRESSIVE;
				GCC_WARN_UNUSED_FUNCTION = YES;
				GCC_WARN_UNUSED_VARIABLE = YES;
				IPHONEOS_DEPLOYMENT_TARGET = 15.2;
				MTL_ENABLE_DEBUG_INFO = NO;
				MTL_FAST_MATH = YES;
				SDKROOT = iphoneos;
				SWIFT_COMPILATION_MODE = wholemodule;
				SWIFT_OPTIMIZATION_LEVEL = "-O";
				VALIDATE_PRODUCT = YES;
			};
			name = Release;
		};
		55AED00B299A409500648018 /* Debug */ = {
			isa = XCBuildConfiguration;
			baseConfigurationReference = B1CE380B85573DFBD3E4AD25 /* Pods-RickAndMorty.debug.xcconfig */;
			buildSettings = {
				ASSETCATALOG_COMPILER_APPICON_NAME = AppIcon;
				ASSETCATALOG_COMPILER_GLOBAL_ACCENT_COLOR_NAME = AccentColor;
				CODE_SIGN_STYLE = Automatic;
				CURRENT_PROJECT_VERSION = 1;
				DEVELOPMENT_TEAM = XKXAY3E6D2;
				GENERATE_INFOPLIST_FILE = YES;
				INFOPLIST_FILE = RickAndMorty/Info.plist;
				INFOPLIST_KEY_UIApplicationSupportsIndirectInputEvents = YES;
				INFOPLIST_KEY_UILaunchStoryboardName = LaunchScreen;
				INFOPLIST_KEY_UISupportedInterfaceOrientations = UIInterfaceOrientationPortrait;
				INFOPLIST_KEY_UISupportedInterfaceOrientations_iPad = "UIInterfaceOrientationPortrait UIInterfaceOrientationPortraitUpsideDown UIInterfaceOrientationLandscapeLeft UIInterfaceOrientationLandscapeRight";
				INFOPLIST_KEY_UISupportedInterfaceOrientations_iPhone = "UIInterfaceOrientationPortrait UIInterfaceOrientationLandscapeLeft UIInterfaceOrientationLandscapeRight";
				LD_RUNPATH_SEARCH_PATHS = (
					"$(inherited)",
					"@executable_path/Frameworks",
				);
				MARKETING_VERSION = 1.0;
				PRODUCT_BUNDLE_IDENTIFIER = perevedniuc.RickAndMorty;
				PRODUCT_NAME = "$(TARGET_NAME)";
				SWIFT_EMIT_LOC_STRINGS = YES;
				SWIFT_VERSION = 5.0;
				TARGETED_DEVICE_FAMILY = 1;
			};
			name = Debug;
		};
		55AED00C299A409500648018 /* Release */ = {
			isa = XCBuildConfiguration;
			baseConfigurationReference = DA232CBF55EE86B693F2DD7C /* Pods-RickAndMorty.release.xcconfig */;
			buildSettings = {
				ASSETCATALOG_COMPILER_APPICON_NAME = AppIcon;
				ASSETCATALOG_COMPILER_GLOBAL_ACCENT_COLOR_NAME = AccentColor;
				CODE_SIGN_STYLE = Automatic;
				CURRENT_PROJECT_VERSION = 1;
				DEVELOPMENT_TEAM = XKXAY3E6D2;
				GENERATE_INFOPLIST_FILE = YES;
				INFOPLIST_FILE = RickAndMorty/Info.plist;
				INFOPLIST_KEY_UIApplicationSupportsIndirectInputEvents = YES;
				INFOPLIST_KEY_UILaunchStoryboardName = LaunchScreen;
				INFOPLIST_KEY_UISupportedInterfaceOrientations = UIInterfaceOrientationPortrait;
				INFOPLIST_KEY_UISupportedInterfaceOrientations_iPad = "UIInterfaceOrientationPortrait UIInterfaceOrientationPortraitUpsideDown UIInterfaceOrientationLandscapeLeft UIInterfaceOrientationLandscapeRight";
				INFOPLIST_KEY_UISupportedInterfaceOrientations_iPhone = "UIInterfaceOrientationPortrait UIInterfaceOrientationLandscapeLeft UIInterfaceOrientationLandscapeRight";
				LD_RUNPATH_SEARCH_PATHS = (
					"$(inherited)",
					"@executable_path/Frameworks",
				);
				MARKETING_VERSION = 1.0;
				PRODUCT_BUNDLE_IDENTIFIER = perevedniuc.RickAndMorty;
				PRODUCT_NAME = "$(TARGET_NAME)";
				SWIFT_EMIT_LOC_STRINGS = YES;
				SWIFT_VERSION = 5.0;
				TARGETED_DEVICE_FAMILY = 1;
			};
			name = Release;
		};
/* End XCBuildConfiguration section */

/* Begin XCConfigurationList section */
		55AECFF1299A409200648018 /* Build configuration list for PBXProject "RickAndMorty" */ = {
			isa = XCConfigurationList;
			buildConfigurations = (
				55AED008299A409500648018 /* Debug */,
				55AED009299A409500648018 /* Release */,
			);
			defaultConfigurationIsVisible = 0;
			defaultConfigurationName = Release;
		};
		55AED00A299A409500648018 /* Build configuration list for PBXNativeTarget "RickAndMorty" */ = {
			isa = XCConfigurationList;
			buildConfigurations = (
				55AED00B299A409500648018 /* Debug */,
				55AED00C299A409500648018 /* Release */,
			);
			defaultConfigurationIsVisible = 0;
			defaultConfigurationName = Release;
		};
/* End XCConfigurationList section */

/* Begin XCVersionGroup section */
		55AED031299E507700648018 /* CoreDB.xcdatamodeld */ = {
			isa = XCVersionGroup;
			children = (
				55AED032299E507700648018 /* CoreDB.xcdatamodel */,
			);
			currentVersion = 55AED032299E507700648018 /* CoreDB.xcdatamodel */;
			path = CoreDB.xcdatamodeld;
			sourceTree = "<group>";
			versionGroupType = wrapper.xcdatamodel;
		};
/* End XCVersionGroup section */
	};
	rootObject = 55AECFEE299A409200648018 /* Project object */;
}
